
Microsoft Visual Studio Solution File, Format Version 12.00
# Visual Studio Version 17
VisualStudioVersion = 17.0.32112.339
MinimumVisualStudioVersion = 10.0.40219.1
Project("{2150E333-8FDC-42A3-9474-1A3956D46DE8}") = "src", "src", "{6F7D680F-991C-4E30-B835-E2AF3A558390}"
EndProject
Project("{2150E333-8FDC-42A3-9474-1A3956D46DE8}") = "test", "test", "{391B01B0-22D7-4B3D-BB61-F4263AFAA4E2}"
EndProject
Project("{9A19103F-16F7-4668-BE54-9A1E7A4F7556}") = "Pragsys.TemplateApi.Api", "src\Pragsys.TemplateApi.Api\Pragsys.TemplateApi.Api.csproj", "{E6EE082A-4B00-4EB7-BB07-794405EA6A74}"
EndProject
Project("{2150E333-8FDC-42A3-9474-1A3956D46DE8}") = "assets", "assets", "{BB8C3CB1-DAB0-44B8-93C4-00DD38CA96BB}"
	ProjectSection(SolutionItems) = preProject
		build.cake = build.cake
		build.cakemix = build.cakemix
		Directory.Build.props = Directory.Build.props
		docker-compose.infra.yml = docker-compose.infra.yml
		README.md = README.md
	EndProjectSection
EndProject
Project("{9A19103F-16F7-4668-BE54-9A1E7A4F7556}") = "Pragsys.TemplateApi.UnitTests", "test\Pragsys.TemplateApi.UnitTests\Pragsys.TemplateApi.UnitTests.csproj", "{EB6D2A08-EC3D-4BF8-9EC0-DF8EED0CF329}"
EndProject
Project("{9A19103F-16F7-4668-BE54-9A1E7A4F7556}") = "Pragsys.TemplateApi.Benchmark", "test\Pragsys.TemplateApi.Benchmark\Pragsys.TemplateApi.Benchmark.csproj", "{8026E453-ED3D-467C-930D-53D189EC6CD5}"
EndProject
Project("{9A19103F-16F7-4668-BE54-9A1E7A4F7556}") = "Pragsys.TemplateApi.Core", "src\Pragsys.TemplateApi.Core\Pragsys.TemplateApi.Core.csproj", "{4626BC57-F534-4C8D-B950-F2F67B6DB27D}"
EndProject
Project("{9A19103F-16F7-4668-BE54-9A1E7A4F7556}") = "Pragsys.TemplateApi.IntegrationTests", "test\Pragsys.TemplateApi.IntegrationTests\Pragsys.TemplateApi.IntegrationTests.csproj", "{A547D585-16FA-4DEB-A558-179BF8E48BD3}"
EndProject
Project("{9A19103F-16F7-4668-BE54-9A1E7A4F7556}") = "Pragsys.TemplateApi.Database", "src\Pragsys.TemplateApi.Database\Pragsys.TemplateApi.Database.csproj", "{AF1C4CE3-0259-4A6F-9E1A-0E1F8FC22B92}"
EndProject
Project("{9A19103F-16F7-4668-BE54-9A1E7A4F7556}") = "Pragsys.TemplateApi.Worker", "src\Pragsys.TemplateApi.Worker\Pragsys.TemplateApi.Worker.csproj", "{ED39E943-9191-46EF-A77B-CB0E7DBDA63D}"
EndProject
Project("{9A19103F-16F7-4668-BE54-9A1E7A4F7556}") = "Pragsys.TemplateApi.Instrumentation", "src\Pragsys.TemplateApi.Instrumentation\Pragsys.TemplateApi.Instrumentation.csproj", "{390EF137-1F48-4B6F-BB89-028C83126662}"
EndProject
Global
	GlobalSection(SolutionConfigurationPlatforms) = preSolution
		Debug|Any CPU = Debug|Any CPU
		Release|Any CPU = Release|Any CPU
	EndGlobalSection
	GlobalSection(ProjectConfigurationPlatforms) = postSolution
		{E6EE082A-4B00-4EB7-BB07-794405EA6A74}.Debug|Any CPU.ActiveCfg = Debug|Any CPU
		{E6EE082A-4B00-4EB7-BB07-794405EA6A74}.Debug|Any CPU.Build.0 = Debug|Any CPU
		{E6EE082A-4B00-4EB7-BB07-794405EA6A74}.Release|Any CPU.ActiveCfg = Release|Any CPU
		{E6EE082A-4B00-4EB7-BB07-794405EA6A74}.Release|Any CPU.Build.0 = Release|Any CPU
		{EB6D2A08-EC3D-4BF8-9EC0-DF8EED0CF329}.Debug|Any CPU.ActiveCfg = Debug|Any CPU
		{EB6D2A08-EC3D-4BF8-9EC0-DF8EED0CF329}.Debug|Any CPU.Build.0 = Debug|Any CPU
		{EB6D2A08-EC3D-4BF8-9EC0-DF8EED0CF329}.Release|Any CPU.ActiveCfg = Release|Any CPU
		{EB6D2A08-EC3D-4BF8-9EC0-DF8EED0CF329}.Release|Any CPU.Build.0 = Release|Any CPU
		{8026E453-ED3D-467C-930D-53D189EC6CD5}.Debug|Any CPU.ActiveCfg = Debug|Any CPU
		{8026E453-ED3D-467C-930D-53D189EC6CD5}.Debug|Any CPU.Build.0 = Debug|Any CPU
		{8026E453-ED3D-467C-930D-53D189EC6CD5}.Release|Any CPU.ActiveCfg = Release|Any CPU
		{8026E453-ED3D-467C-930D-53D189EC6CD5}.Release|Any CPU.Build.0 = Release|Any CPU
		{4626BC57-F534-4C8D-B950-F2F67B6DB27D}.Debug|Any CPU.ActiveCfg = Debug|Any CPU
		{4626BC57-F534-4C8D-B950-F2F67B6DB27D}.Debug|Any CPU.Build.0 = Debug|Any CPU
		{4626BC57-F534-4C8D-B950-F2F67B6DB27D}.Release|Any CPU.ActiveCfg = Release|Any CPU
		{4626BC57-F534-4C8D-B950-F2F67B6DB27D}.Release|Any CPU.Build.0 = Release|Any CPU
		{A547D585-16FA-4DEB-A558-179BF8E48BD3}.Debug|Any CPU.ActiveCfg = Debug|Any CPU
		{A547D585-16FA-4DEB-A558-179BF8E48BD3}.Debug|Any CPU.Build.0 = Debug|Any CPU
		{A547D585-16FA-4DEB-A558-179BF8E48BD3}.Release|Any CPU.ActiveCfg = Release|Any CPU
		{A547D585-16FA-4DEB-A558-179BF8E48BD3}.Release|Any CPU.Build.0 = Release|Any CPU
		{AF1C4CE3-0259-4A6F-9E1A-0E1F8FC22B92}.Debug|Any CPU.ActiveCfg = Debug|Any CPU
		{AF1C4CE3-0259-4A6F-9E1A-0E1F8FC22B92}.Debug|Any CPU.Build.0 = Debug|Any CPU
		{AF1C4CE3-0259-4A6F-9E1A-0E1F8FC22B92}.Release|Any CPU.ActiveCfg = Release|Any CPU
		{AF1C4CE3-0259-4A6F-9E1A-0E1F8FC22B92}.Release|Any CPU.Build.0 = Release|Any CPU
		{ED39E943-9191-46EF-A77B-CB0E7DBDA63D}.Debug|Any CPU.ActiveCfg = Debug|Any CPU
		{ED39E943-9191-46EF-A77B-CB0E7DBDA63D}.Debug|Any CPU.Build.0 = Debug|Any CPU
		{ED39E943-9191-46EF-A77B-CB0E7DBDA63D}.Release|Any CPU.ActiveCfg = Release|Any CPU
		{ED39E943-9191-46EF-A77B-CB0E7DBDA63D}.Release|Any CPU.Build.0 = Release|Any CPU
		{390EF137-1F48-4B6F-BB89-028C83126662}.Debug|Any CPU.ActiveCfg = Debug|Any CPU
		{390EF137-1F48-4B6F-BB89-028C83126662}.Debug|Any CPU.Build.0 = Debug|Any CPU
		{390EF137-1F48-4B6F-BB89-028C83126662}.Release|Any CPU.ActiveCfg = Release|Any CPU
		{390EF137-1F48-4B6F-BB89-028C83126662}.Release|Any CPU.Build.0 = Release|Any CPU
	EndGlobalSection
	GlobalSection(SolutionProperties) = preSolution
		HideSolutionNode = FALSE
	EndGlobalSection
	GlobalSection(NestedProjects) = preSolution
		{E6EE082A-4B00-4EB7-BB07-794405EA6A74} = {6F7D680F-991C-4E30-B835-E2AF3A558390}
		{EB6D2A08-EC3D-4BF8-9EC0-DF8EED0CF329} = {391B01B0-22D7-4B3D-BB61-F4263AFAA4E2}
		{8026E453-ED3D-467C-930D-53D189EC6CD5} = {391B01B0-22D7-4B3D-BB61-F4263AFAA4E2}
		{4626BC57-F534-4C8D-B950-F2F67B6DB27D} = {6F7D680F-991C-4E30-B835-E2AF3A558390}
		{A547D585-16FA-4DEB-A558-179BF8E48BD3} = {391B01B0-22D7-4B3D-BB61-F4263AFAA4E2}
		{AF1C4CE3-0259-4A6F-9E1A-0E1F8FC22B92} = {6F7D680F-991C-4E30-B835-E2AF3A558390}
		{ED39E943-9191-46EF-A77B-CB0E7DBDA63D} = {6F7D680F-991C-4E30-B835-E2AF3A558390}
		{390EF137-1F48-4B6F-BB89-028C83126662} = {6F7D680F-991C-4E30-B835-E2AF3A558390}
	EndGlobalSection
	GlobalSection(ExtensibilityGlobals) = postSolution
		SolutionGuid = {CAD81B82-8E39-4E88-9AB6-DD38786C5FD1}
	EndGlobalSection
EndGlobal
