
Microsoft Visual Studio Solution File, Format Version 12.00
# Visual Studio Version 17
VisualStudioVersion = 17.0.32112.339
MinimumVisualStudioVersion = 10.0.40219.1
Project("{9A19103F-16F7-4668-BE54-9A1E7A4F7556}") = "Template.DbApi", "src\Template.DbApi\Template.DbApi.csproj", "{394802F1-4507-42D5-808E-90E73AA05A85}"
EndProject
Project("{2150E333-8FDC-42A3-9474-1A3956D46DE8}") = "src", "src", "{6F7D680F-991C-4E30-B835-E2AF3A558390}"
EndProject
Project("{2150E333-8FDC-42A3-9474-1A3956D46DE8}") = "test", "test", "{391B01B0-22D7-4B3D-BB61-F4263AFAA4E2}"
EndProject
Project("{9A19103F-16F7-4668-BE54-9A1E7A4F7556}") = "Template.DbApi.Api", "src\Template.DbApi.Api\Template.DbApi.Api.csproj", "{E6EE082A-4B00-4EB7-BB07-794405EA6A74}"
EndProject
Project("{E53339B2-1760-4266-BCC7-CA923CBCF16C}") = "docker-compose", "docker-compose.dcproj", "{F906CB00-263B-41F9-B129-FEA19802AED8}"
EndProject
Project("{2150E333-8FDC-42A3-9474-1A3956D46DE8}") = "assets", "assets", "{BB8C3CB1-DAB0-44B8-93C4-00DD38CA96BB}"
	ProjectSection(SolutionItems) = preProject
		build.cake = build.cake
		build.cakemix = build.cakemix
		README.md = README.md
	EndProjectSection
EndProject
Project("{9A19103F-16F7-4668-BE54-9A1E7A4F7556}") = "Template.DbApi.DbUp", "src\Template.DbApi.DbUp\Template.DbApi.DbUp.csproj", "{9E50A0DC-5C52-4556-B2AE-D9421F9F4F29}"
EndProject
Project("{9A19103F-16F7-4668-BE54-9A1E7A4F7556}") = "Template.DbApi.UnitTests", "test\Template.DbApi.UnitTests\Template.DbApi.UnitTests.csproj", "{EB6D2A08-EC3D-4BF8-9EC0-DF8EED0CF329}"
EndProject
Project("{9A19103F-16F7-4668-BE54-9A1E7A4F7556}") = "Template.DbApi.AcceptanceTests", "test\Template.DbApi.AcceptanceTests\Template.DbApi.AcceptanceTests.csproj", "{B0B61E2F-1395-495D-BF82-7F7FFE91BBC6}"
EndProject
Project("{9A19103F-16F7-4668-BE54-9A1E7A4F7556}") = "Template.DbApi.Benchmark", "test\Template.DbApi.Benchmark\Template.DbApi.Benchmark.csproj", "{8026E453-ED3D-467C-930D-53D189EC6CD5}"
EndProject
Global
	GlobalSection(SolutionConfigurationPlatforms) = preSolution
		Debug|Any CPU = Debug|Any CPU
		Release|Any CPU = Release|Any CPU
	EndGlobalSection
	GlobalSection(ProjectConfigurationPlatforms) = postSolution
		{394802F1-4507-42D5-808E-90E73AA05A85}.Debug|Any CPU.ActiveCfg = Debug|Any CPU
		{394802F1-4507-42D5-808E-90E73AA05A85}.Debug|Any CPU.Build.0 = Debug|Any CPU
		{394802F1-4507-42D5-808E-90E73AA05A85}.Release|Any CPU.ActiveCfg = Release|Any CPU
		{394802F1-4507-42D5-808E-90E73AA05A85}.Release|Any CPU.Build.0 = Release|Any CPU
		{E6EE082A-4B00-4EB7-BB07-794405EA6A74}.Debug|Any CPU.ActiveCfg = Debug|Any CPU
		{E6EE082A-4B00-4EB7-BB07-794405EA6A74}.Debug|Any CPU.Build.0 = Debug|Any CPU
		{E6EE082A-4B00-4EB7-BB07-794405EA6A74}.Release|Any CPU.ActiveCfg = Release|Any CPU
		{E6EE082A-4B00-4EB7-BB07-794405EA6A74}.Release|Any CPU.Build.0 = Release|Any CPU
		{F906CB00-263B-41F9-B129-FEA19802AED8}.Debug|Any CPU.ActiveCfg = Debug|Any CPU
		{F906CB00-263B-41F9-B129-FEA19802AED8}.Debug|Any CPU.Build.0 = Debug|Any CPU
		{F906CB00-263B-41F9-B129-FEA19802AED8}.Release|Any CPU.ActiveCfg = Release|Any CPU
		{F906CB00-263B-41F9-B129-FEA19802AED8}.Release|Any CPU.Build.0 = Release|Any CPU
		{9E50A0DC-5C52-4556-B2AE-D9421F9F4F29}.Debug|Any CPU.ActiveCfg = Debug|Any CPU
		{9E50A0DC-5C52-4556-B2AE-D9421F9F4F29}.Debug|Any CPU.Build.0 = Debug|Any CPU
		{9E50A0DC-5C52-4556-B2AE-D9421F9F4F29}.Release|Any CPU.ActiveCfg = Release|Any CPU
		{9E50A0DC-5C52-4556-B2AE-D9421F9F4F29}.Release|Any CPU.Build.0 = Release|Any CPU
		{EB6D2A08-EC3D-4BF8-9EC0-DF8EED0CF329}.Debug|Any CPU.ActiveCfg = Debug|Any CPU
		{EB6D2A08-EC3D-4BF8-9EC0-DF8EED0CF329}.Debug|Any CPU.Build.0 = Debug|Any CPU
		{EB6D2A08-EC3D-4BF8-9EC0-DF8EED0CF329}.Release|Any CPU.ActiveCfg = Release|Any CPU
		{EB6D2A08-EC3D-4BF8-9EC0-DF8EED0CF329}.Release|Any CPU.Build.0 = Release|Any CPU
		{B0B61E2F-1395-495D-BF82-7F7FFE91BBC6}.Debug|Any CPU.ActiveCfg = Debug|Any CPU
		{B0B61E2F-1395-495D-BF82-7F7FFE91BBC6}.Debug|Any CPU.Build.0 = Debug|Any CPU
		{B0B61E2F-1395-495D-BF82-7F7FFE91BBC6}.Release|Any CPU.ActiveCfg = Release|Any CPU
		{B0B61E2F-1395-495D-BF82-7F7FFE91BBC6}.Release|Any CPU.Build.0 = Release|Any CPU
		{8026E453-ED3D-467C-930D-53D189EC6CD5}.Debug|Any CPU.ActiveCfg = Debug|Any CPU
		{8026E453-ED3D-467C-930D-53D189EC6CD5}.Debug|Any CPU.Build.0 = Debug|Any CPU
		{8026E453-ED3D-467C-930D-53D189EC6CD5}.Release|Any CPU.ActiveCfg = Release|Any CPU
		{8026E453-ED3D-467C-930D-53D189EC6CD5}.Release|Any CPU.Build.0 = Release|Any CPU
	EndGlobalSection
	GlobalSection(SolutionProperties) = preSolution
		HideSolutionNode = FALSE
	EndGlobalSection
	GlobalSection(NestedProjects) = preSolution
		{394802F1-4507-42D5-808E-90E73AA05A85} = {6F7D680F-991C-4E30-B835-E2AF3A558390}
		{E6EE082A-4B00-4EB7-BB07-794405EA6A74} = {6F7D680F-991C-4E30-B835-E2AF3A558390}
		{9E50A0DC-5C52-4556-B2AE-D9421F9F4F29} = {6F7D680F-991C-4E30-B835-E2AF3A558390}
		{EB6D2A08-EC3D-4BF8-9EC0-DF8EED0CF329} = {391B01B0-22D7-4B3D-BB61-F4263AFAA4E2}
		{B0B61E2F-1395-495D-BF82-7F7FFE91BBC6} = {391B01B0-22D7-4B3D-BB61-F4263AFAA4E2}
		{8026E453-ED3D-467C-930D-53D189EC6CD5} = {391B01B0-22D7-4B3D-BB61-F4263AFAA4E2}
	EndGlobalSection
	GlobalSection(ExtensibilityGlobals) = postSolution
		SolutionGuid = {CAD81B82-8E39-4E88-9AB6-DD38786C5FD1}
	EndGlobalSection
EndGlobal
